
Microsoft Visual Studio Solution File, Format Version 12.00
# Visual Studio Version 18
VisualStudioVersion = 18.4.11626.88
MinimumVisualStudioVersion = 10.0.40219.1
Project("{9A19103F-16F7-4668-BE54-9A1E7A4F7556}") = "MVCTemplate", "MVCTemplate.csproj", "{133550DD-230C-4167-A2B2-43B7C17F5C7C}"
EndProject
Project("{FAE04EC0-301F-11D3-BF4B-00C04F79EFBC}") = "MVCTemplatePortal", "..\MVCTemplatePortal\MVCTemplatePortal.csproj", "{561ACF9D-ECAD-3E0B-149D-60DF2966A6A9}"
EndProject
Project("{FAE04EC0-301F-11D3-BF4B-00C04F79EFBC}") = "MVCTemplate.Contracts", "MVCTemplate.Contracts\MVCTemplate.Contracts.csproj", "{07053E21-9154-C1A8-6F49-C74AF245C66D}"
EndProject
Global
	GlobalSection(SolutionConfigurationPlatforms) = preSolution
		Debug|Any CPU = Debug|Any CPU
		Debug|x64 = Debug|x64
		Debug|x86 = Debug|x86
		Release|Any CPU = Release|Any CPU
		Release|x64 = Release|x64
		Release|x86 = Release|x86
	EndGlobalSection
	GlobalSection(ProjectConfigurationPlatforms) = postSolution
		{133550DD-230C-4167-A2B2-43B7C17F5C7C}.Debug|Any CPU.ActiveCfg = Debug|Any CPU
		{133550DD-230C-4167-A2B2-43B7C17F5C7C}.Debug|Any CPU.Build.0 = Debug|Any CPU
		{133550DD-230C-4167-A2B2-43B7C17F5C7C}.Debug|x64.ActiveCfg = Debug|Any CPU
		{133550DD-230C-4167-A2B2-43B7C17F5C7C}.Debug|x64.Build.0 = Debug|Any CPU
		{133550DD-230C-4167-A2B2-43B7C17F5C7C}.Debug|x86.ActiveCfg = Debug|Any CPU
		{133550DD-230C-4167-A2B2-43B7C17F5C7C}.Debug|x86.Build.0 = Debug|Any CPU
		{133550DD-230C-4167-A2B2-43B7C17F5C7C}.Release|Any CPU.ActiveCfg = Release|Any CPU
		{133550DD-230C-4167-A2B2-43B7C17F5C7C}.Release|Any CPU.Build.0 = Release|Any CPU
		{133550DD-230C-4167-A2B2-43B7C17F5C7C}.Release|x64.ActiveCfg = Release|Any CPU
		{133550DD-230C-4167-A2B2-43B7C17F5C7C}.Release|x64.Build.0 = Release|Any CPU
		{133550DD-230C-4167-A2B2-43B7C17F5C7C}.Release|x86.ActiveCfg = Release|Any CPU
		{133550DD-230C-4167-A2B2-43B7C17F5C7C}.Release|x86.Build.0 = Release|Any CPU
		{561ACF9D-ECAD-3E0B-149D-60DF2966A6A9}.Debug|Any CPU.ActiveCfg = Debug|Any CPU
		{561ACF9D-ECAD-3E0B-149D-60DF2966A6A9}.Debug|Any CPU.Build.0 = Debug|Any CPU
		{561ACF9D-ECAD-3E0B-149D-60DF2966A6A9}.Debug|x64.ActiveCfg = Debug|Any CPU
		{561ACF9D-ECAD-3E0B-149D-60DF2966A6A9}.Debug|x64.Build.0 = Debug|Any CPU
		{561ACF9D-ECAD-3E0B-149D-60DF2966A6A9}.Debug|x86.ActiveCfg = Debug|Any CPU
		{561ACF9D-ECAD-3E0B-149D-60DF2966A6A9}.Debug|x86.Build.0 = Debug|Any CPU
		{561ACF9D-ECAD-3E0B-149D-60DF2966A6A9}.Release|Any CPU.ActiveCfg = Release|Any CPU
		{561ACF9D-ECAD-3E0B-149D-60DF2966A6A9}.Release|Any CPU.Build.0 = Release|Any CPU
		{561ACF9D-ECAD-3E0B-149D-60DF2966A6A9}.Release|x64.ActiveCfg = Release|Any CPU
		{561ACF9D-ECAD-3E0B-149D-60DF2966A6A9}.Release|x64.Build.0 = Release|Any CPU
		{561ACF9D-ECAD-3E0B-149D-60DF2966A6A9}.Release|x86.ActiveCfg = Release|Any CPU
		{561ACF9D-ECAD-3E0B-149D-60DF2966A6A9}.Release|x86.Build.0 = Release|Any CPU
		{07053E21-9154-C1A8-6F49-C74AF245C66D}.Debug|Any CPU.ActiveCfg = Debug|Any CPU
		{07053E21-9154-C1A8-6F49-C74AF245C66D}.Debug|Any CPU.Build.0 = Debug|Any CPU
		{07053E21-9154-C1A8-6F49-C74AF245C66D}.Debug|x64.ActiveCfg = Debug|Any CPU
		{07053E21-9154-C1A8-6F49-C74AF245C66D}.Debug|x64.Build.0 = Debug|Any CPU
		{07053E21-9154-C1A8-6F49-C74AF245C66D}.Debug|x86.ActiveCfg = Debug|Any CPU
		{07053E21-9154-C1A8-6F49-C74AF245C66D}.Debug|x86.Build.0 = Debug|Any CPU
		{07053E21-9154-C1A8-6F49-C74AF245C66D}.Release|Any CPU.ActiveCfg = Release|Any CPU
		{07053E21-9154-C1A8-6F49-C74AF245C66D}.Release|Any CPU.Build.0 = Release|Any CPU
		{07053E21-9154-C1A8-6F49-C74AF245C66D}.Release|x64.ActiveCfg = Release|Any CPU
		{07053E21-9154-C1A8-6F49-C74AF245C66D}.Release|x64.Build.0 = Release|Any CPU
		{07053E21-9154-C1A8-6F49-C74AF245C66D}.Release|x86.ActiveCfg = Release|Any CPU
		{07053E21-9154-C1A8-6F49-C74AF245C66D}.Release|x86.Build.0 = Release|Any CPU
	EndGlobalSection
	GlobalSection(SolutionProperties) = preSolution
		HideSolutionNode = FALSE
	EndGlobalSection
	GlobalSection(ExtensibilityGlobals) = postSolution
		SolutionGuid = {7634748A-4757-4C31-8BDD-F38CF2C400EA}
	EndGlobalSection
EndGlobal
